
Microsoft Visual Studio Solution File, Format Version 12.00
# Visual Studio Version 16
VisualStudioVersion = 16.0.28922.388
MinimumVisualStudioVersion = 10.0.40219.1
Project("{FAE04EC0-301F-11D3-BF4B-00C04F79EFBC}") = "MasterCsharp", "MasterCsharp\MasterCsharp.csproj", "{1B77F44C-4FA1-471B-A718-B9640AC0BA85}"
EndProject
Global
	GlobalSection(SolutionConfigurationPlatforms) = preSolution
		Debug|Any CPU = Debug|Any CPU
		Release|Any CPU = Release|Any CPU
	EndGlobalSection
	GlobalSection(ProjectConfigurationPlatforms) = postSolution
		{1B77F44C-4FA1-471B-A718-B9640AC0BA85}.Debug|Any CPU.ActiveCfg = Debug|Any CPU
		{1B77F44C-4FA1-471B-A718-B9640AC0BA85}.Debug|Any CPU.Build.0 = Debug|Any CPU
		{1B77F44C-4FA1-471B-A718-B9640AC0BA85}.Release|Any CPU.ActiveCfg = Release|Any CPU
		{1B77F44C-4FA1-471B-A718-B9640AC0BA85}.Release|Any CPU.Build.0 = Release|Any CPU
	EndGlobalSection
	GlobalSection(SolutionProperties) = preSolution
		HideSolutionNode = FALSE
	EndGlobalSection
	GlobalSection(ExtensibilityGlobals) = postSolution
		SolutionGuid = {4B4761EC-35B7-4A97-8ACB-E5F2DA8520DB}
	EndGlobalSection
EndGlobal
